
Microsoft Visual Studio Solution File, Format Version 12.00
# Visual Studio 15
VisualStudioVersion = 15.0.28010.2019
MinimumVisualStudioVersion = 10.0.40219.1
Project("{9A19103F-16F7-4668-BE54-9A1E7A4F7556}") = "VideoAudioStreamerAPI", "VideoAudioStreamerAPI\VideoAudioStreamerAPI.csproj", "{C1275E5A-0543-4C6D-83FF-FF684A2BC60D}"
EndProject
Global
	GlobalSection(SolutionConfigurationPlatforms) = preSolution
		Debug|Any CPU = Debug|Any CPU
		Release|Any CPU = Release|Any CPU
	EndGlobalSection
	GlobalSection(ProjectConfigurationPlatforms) = postSolution
		{C1275E5A-0543-4C6D-83FF-FF684A2BC60D}.Debug|Any CPU.ActiveCfg = Debug|Any CPU
		{C1275E5A-0543-4C6D-83FF-FF684A2BC60D}.Debug|Any CPU.Build.0 = Debug|Any CPU
		{C1275E5A-0543-4C6D-83FF-FF684A2BC60D}.Release|Any CPU.ActiveCfg = Release|Any CPU
		{C1275E5A-0543-4C6D-83FF-FF684A2BC60D}.Release|Any CPU.Build.0 = Release|Any CPU
	EndGlobalSection
	GlobalSection(SolutionProperties) = preSolution
		HideSolutionNode = FALSE
	EndGlobalSection
	GlobalSection(ExtensibilityGlobals) = postSolution
		SolutionGuid = {9F25A32F-7876-4E21-B987-1329C5D6906A}
	EndGlobalSection
EndGlobal
